
Microsoft Visual Studio Solution File, Format Version 12.00
# Visual Studio Version 16
VisualStudioVersion = 16.0.32106.194
MinimumVisualStudioVersion = 10.0.40219.1
Project("{FAE04EC0-301F-11D3-BF4B-00C04F79EFBC}") = "ConsoleApp1", "ConsoleApp1\ConsoleApp1.csproj", "{D488C143-5663-43BC-9DB9-F42A85149774}"
EndProject
Global
	GlobalSection(SolutionConfigurationPlatforms) = preSolution
		Debug|Any CPU = Debug|Any CPU
		Release|Any CPU = Release|Any CPU
	EndGlobalSection
	GlobalSection(ProjectConfigurationPlatforms) = postSolution
		{D488C143-5663-43BC-9DB9-F42A85149774}.Debug|Any CPU.ActiveCfg = Debug|Any CPU
		{D488C143-5663-43BC-9DB9-F42A85149774}.Debug|Any CPU.Build.0 = Debug|Any CPU
		{D488C143-5663-43BC-9DB9-F42A85149774}.Release|Any CPU.ActiveCfg = Release|Any CPU
		{D488C143-5663-43BC-9DB9-F42A85149774}.Release|Any CPU.Build.0 = Release|Any CPU
	EndGlobalSection
	GlobalSection(SolutionProperties) = preSolution
		HideSolutionNode = FALSE
	EndGlobalSection
	GlobalSection(ExtensibilityGlobals) = postSolution
		SolutionGuid = {BAD71EA0-34EF-4F20-828C-6E56E6D97C2E}
	EndGlobalSection
EndGlobal
